
Microsoft Visual Studio Solution File, Format Version 12.00
# Visual Studio Version 17
VisualStudioVersion = 17.0.32014.148
MinimumVisualStudioVersion = 10.0.40219.1
Project("{FAE04EC0-301F-11D3-BF4B-00C04F79EFBC}") = "LLDProblems", "LLDProblems\LLDProblems.csproj", "{4B471D2C-61E1-4208-B233-BFF5C7ACF072}"
EndProject
Global
	GlobalSection(SolutionConfigurationPlatforms) = preSolution
		Debug|Any CPU = Debug|Any CPU
		Release|Any CPU = Release|Any CPU
	EndGlobalSection
	GlobalSection(ProjectConfigurationPlatforms) = postSolution
		{4B471D2C-61E1-4208-B233-BFF5C7ACF072}.Debug|Any CPU.ActiveCfg = Debug|Any CPU
		{4B471D2C-61E1-4208-B233-BFF5C7ACF072}.Debug|Any CPU.Build.0 = Debug|Any CPU
		{4B471D2C-61E1-4208-B233-BFF5C7ACF072}.Release|Any CPU.ActiveCfg = Release|Any CPU
		{4B471D2C-61E1-4208-B233-BFF5C7ACF072}.Release|Any CPU.Build.0 = Release|Any CPU
	EndGlobalSection
	GlobalSection(SolutionProperties) = preSolution
		HideSolutionNode = FALSE
	EndGlobalSection
	GlobalSection(ExtensibilityGlobals) = postSolution
		SolutionGuid = {8B7A27A7-7E4B-4646-A2F7-477E66DA1662}
	EndGlobalSection
EndGlobal
